
Microsoft Visual Studio Solution File, Format Version 12.00
# Visual Studio Version 16
VisualStudioVersion = 16.0.30523.141
MinimumVisualStudioVersion = 10.0.40219.1
Project("{9A19103F-16F7-4668-BE54-9A1E7A4F7556}") = "ConsoleApplication", "ConsoleApplication.csproj", "{D9661282-0EE1-4129-977A-8D10C01E7B8B}"
EndProject
Project("{FAE04EC0-301F-11D3-BF4B-00C04F79EFBC}") = "Common_", "..\Common_\Common_.csproj", "{4470464E-81D3-45A1-8650-3E667C53A8AF}"
EndProject
Project("{FAE04EC0-301F-11D3-BF4B-00C04F79EFBC}") = "Tests_", "..\Tests_\Tests_.csproj", "{2E9FD732-9200-4FDC-9217-7E96F068F5F2}"
EndProject
Global
	GlobalSection(SolutionConfigurationPlatforms) = preSolution
		Debug|Any CPU = Debug|Any CPU
		Release|Any CPU = Release|Any CPU
	EndGlobalSection
	GlobalSection(ProjectConfigurationPlatforms) = postSolution
		{D9661282-0EE1-4129-977A-8D10C01E7B8B}.Debug|Any CPU.ActiveCfg = Debug|Any CPU
		{D9661282-0EE1-4129-977A-8D10C01E7B8B}.Debug|Any CPU.Build.0 = Debug|Any CPU
		{D9661282-0EE1-4129-977A-8D10C01E7B8B}.Release|Any CPU.ActiveCfg = Release|Any CPU
		{D9661282-0EE1-4129-977A-8D10C01E7B8B}.Release|Any CPU.Build.0 = Release|Any CPU
		{4470464E-81D3-45A1-8650-3E667C53A8AF}.Debug|Any CPU.ActiveCfg = Debug|Any CPU
		{4470464E-81D3-45A1-8650-3E667C53A8AF}.Debug|Any CPU.Build.0 = Debug|Any CPU
		{4470464E-81D3-45A1-8650-3E667C53A8AF}.Release|Any CPU.ActiveCfg = Release|Any CPU
		{4470464E-81D3-45A1-8650-3E667C53A8AF}.Release|Any CPU.Build.0 = Release|Any CPU
		{2E9FD732-9200-4FDC-9217-7E96F068F5F2}.Debug|Any CPU.ActiveCfg = Debug|Any CPU
		{2E9FD732-9200-4FDC-9217-7E96F068F5F2}.Debug|Any CPU.Build.0 = Debug|Any CPU
		{2E9FD732-9200-4FDC-9217-7E96F068F5F2}.Release|Any CPU.ActiveCfg = Release|Any CPU
		{2E9FD732-9200-4FDC-9217-7E96F068F5F2}.Release|Any CPU.Build.0 = Release|Any CPU
	EndGlobalSection
	GlobalSection(SolutionProperties) = preSolution
		HideSolutionNode = FALSE
	EndGlobalSection
	GlobalSection(ExtensibilityGlobals) = postSolution
		SolutionGuid = {11110003-C279-4224-976F-679D3200E999}
	EndGlobalSection
EndGlobal
